
Microsoft Visual Studio Solution File, Format Version 12.00
# Visual Studio Version 17
VisualStudioVersion = 17.0.31903.59
MinimumVisualStudioVersion = 10.0.40219.1
Project("{2150E333-8FDC-42A3-9474-1A3956D46DE8}") = "src", "src", "{91C94A2F-46ED-41E8-9B2B-AFABB953148A}"
EndProject
Project("{FAE04EC0-301F-11D3-BF4B-00C04F79EFBC}") = "ForestOfTasks.Api", "src\ForestOfTasks.Api\ForestOfTasks.Api.csproj", "{069E69CB-484A-41B3-922F-940AD8C65EF0}"
EndProject
Project("{2150E333-8FDC-42A3-9474-1A3956D46DE8}") = "tests", "tests", "{EFAE8826-99E9-480B-9E39-6EDD284CC32D}"
EndProject
Project("{FAE04EC0-301F-11D3-BF4B-00C04F79EFBC}") = "ForestOfTasks.Api.Tests.Unit", "tests\ForestOfTasks.Api.Tests.Unit\ForestOfTasks.Api.Tests.Unit.csproj", "{ED14EC72-A66E-460A-9189-E9892B615D29}"
EndProject
Project("{FAE04EC0-301F-11D3-BF4B-00C04F79EFBC}") = "ForestOfTasks.Application", "src\ForestOfTasks.Application\ForestOfTasks.Application.csproj", "{E027A75E-9894-4C8E-B4DE-E76EC3102320}"
EndProject
Project("{FAE04EC0-301F-11D3-BF4B-00C04F79EFBC}") = "ForestOfTasks.Domain", "src\ForestOfTasks.Domain\ForestOfTasks.Domain.csproj", "{8F7A5E0F-4AFF-47A6-B793-BAB748857688}"
EndProject
Project("{FAE04EC0-301F-11D3-BF4B-00C04F79EFBC}") = "ForestOfTasks.Infrastructure", "src\ForestOfTasks.Infrastructure\ForestOfTasks.Infrastructure.csproj", "{43DA9BBC-5272-4681-9BFD-1C14FE10E175}"
EndProject
Project("{FAE04EC0-301F-11D3-BF4B-00C04F79EFBC}") = "ForestOfTasks.Application.Tests.Unit", "tests\ForestOfTasks.Application.Tests.Unit\ForestOfTasks.Application.Tests.Unit.csproj", "{A64F1E5A-DA45-48A7-8B0F-5B0C13664A94}"
EndProject
Project("{FAE04EC0-301F-11D3-BF4B-00C04F79EFBC}") = "ForestOfTasks.Domain.Tests.Unit", "tests\ForestOfTasks.Domain.Tests.Unit\ForestOfTasks.Domain.Tests.Unit.csproj", "{2CF72579-2299-4A6E-8EFE-050416757AA8}"
EndProject
Project("{FAE04EC0-301F-11D3-BF4B-00C04F79EFBC}") = "ForestOfTasks.SharedKernel", "src\ForestOfTasks.SharedKernel\ForestOfTasks.SharedKernel.csproj", "{E52BBA45-60B5-48C9-8277-AC83F9732C48}"
EndProject
Project("{FAE04EC0-301F-11D3-BF4B-00C04F79EFBC}") = "ForestOfTasks.Tests.E2E", "tests\ForestOfTasks.Tests.E2E\ForestOfTasks.Tests.E2E.csproj", "{7EF1DD38-4A91-4452-A907-1F2525F690DB}"
EndProject
Project("{2150E333-8FDC-42A3-9474-1A3956D46DE8}") = "aspire", "aspire", "{29AEF4F2-6E83-4A21-ACF5-E51EC90BC75C}"
EndProject
Project("{FAE04EC0-301F-11D3-BF4B-00C04F79EFBC}") = "ForestOfTasks.AppHost", "aspire\ForestOfTasks.AppHost\ForestOfTasks.AppHost.csproj", "{6333EC04-5852-4303-863C-18C735798F32}"
EndProject
Project("{FAE04EC0-301F-11D3-BF4B-00C04F79EFBC}") = "ForestOfTasks.ServiceDefaults", "aspire\ForestOfTasks.ServiceDefaults\ForestOfTasks.ServiceDefaults.csproj", "{CAFB86D5-D1A9-4CCB-840C-433934E67EDC}"
EndProject
Project("{2150E333-8FDC-42A3-9474-1A3956D46DE8}") = "ForestOfTasks.Presentation", "ForestOfTasks.Presentation", "{EF6C3C4C-30EE-463E-B57C-B233D68CDCD7}"
EndProject
Global
	GlobalSection(SolutionConfigurationPlatforms) = preSolution
		Debug|Any CPU = Debug|Any CPU
		Release|Any CPU = Release|Any CPU
	EndGlobalSection
	GlobalSection(SolutionProperties) = preSolution
		HideSolutionNode = FALSE
	EndGlobalSection
	GlobalSection(ProjectConfigurationPlatforms) = postSolution
		{069E69CB-484A-41B3-922F-940AD8C65EF0}.Debug|Any CPU.ActiveCfg = Debug|Any CPU
		{069E69CB-484A-41B3-922F-940AD8C65EF0}.Debug|Any CPU.Build.0 = Debug|Any CPU
		{069E69CB-484A-41B3-922F-940AD8C65EF0}.Release|Any CPU.ActiveCfg = Release|Any CPU
		{069E69CB-484A-41B3-922F-940AD8C65EF0}.Release|Any CPU.Build.0 = Release|Any CPU
		{ED14EC72-A66E-460A-9189-E9892B615D29}.Debug|Any CPU.ActiveCfg = Debug|Any CPU
		{ED14EC72-A66E-460A-9189-E9892B615D29}.Debug|Any CPU.Build.0 = Debug|Any CPU
		{ED14EC72-A66E-460A-9189-E9892B615D29}.Release|Any CPU.ActiveCfg = Release|Any CPU
		{ED14EC72-A66E-460A-9189-E9892B615D29}.Release|Any CPU.Build.0 = Release|Any CPU
		{E027A75E-9894-4C8E-B4DE-E76EC3102320}.Debug|Any CPU.ActiveCfg = Debug|Any CPU
		{E027A75E-9894-4C8E-B4DE-E76EC3102320}.Debug|Any CPU.Build.0 = Debug|Any CPU
		{E027A75E-9894-4C8E-B4DE-E76EC3102320}.Release|Any CPU.ActiveCfg = Release|Any CPU
		{E027A75E-9894-4C8E-B4DE-E76EC3102320}.Release|Any CPU.Build.0 = Release|Any CPU
		{8F7A5E0F-4AFF-47A6-B793-BAB748857688}.Debug|Any CPU.ActiveCfg = Debug|Any CPU
		{8F7A5E0F-4AFF-47A6-B793-BAB748857688}.Debug|Any CPU.Build.0 = Debug|Any CPU
		{8F7A5E0F-4AFF-47A6-B793-BAB748857688}.Release|Any CPU.ActiveCfg = Release|Any CPU
		{8F7A5E0F-4AFF-47A6-B793-BAB748857688}.Release|Any CPU.Build.0 = Release|Any CPU
		{43DA9BBC-5272-4681-9BFD-1C14FE10E175}.Debug|Any CPU.ActiveCfg = Debug|Any CPU
		{43DA9BBC-5272-4681-9BFD-1C14FE10E175}.Debug|Any CPU.Build.0 = Debug|Any CPU
		{43DA9BBC-5272-4681-9BFD-1C14FE10E175}.Release|Any CPU.ActiveCfg = Release|Any CPU
		{43DA9BBC-5272-4681-9BFD-1C14FE10E175}.Release|Any CPU.Build.0 = Release|Any CPU
		{A64F1E5A-DA45-48A7-8B0F-5B0C13664A94}.Debug|Any CPU.ActiveCfg = Debug|Any CPU
		{A64F1E5A-DA45-48A7-8B0F-5B0C13664A94}.Debug|Any CPU.Build.0 = Debug|Any CPU
		{A64F1E5A-DA45-48A7-8B0F-5B0C13664A94}.Release|Any CPU.ActiveCfg = Release|Any CPU
		{A64F1E5A-DA45-48A7-8B0F-5B0C13664A94}.Release|Any CPU.Build.0 = Release|Any CPU
		{2CF72579-2299-4A6E-8EFE-050416757AA8}.Debug|Any CPU.ActiveCfg = Debug|Any CPU
		{2CF72579-2299-4A6E-8EFE-050416757AA8}.Debug|Any CPU.Build.0 = Debug|Any CPU
		{2CF72579-2299-4A6E-8EFE-050416757AA8}.Release|Any CPU.ActiveCfg = Release|Any CPU
		{2CF72579-2299-4A6E-8EFE-050416757AA8}.Release|Any CPU.Build.0 = Release|Any CPU
		{E52BBA45-60B5-48C9-8277-AC83F9732C48}.Debug|Any CPU.ActiveCfg = Debug|Any CPU
		{E52BBA45-60B5-48C9-8277-AC83F9732C48}.Debug|Any CPU.Build.0 = Debug|Any CPU
		{E52BBA45-60B5-48C9-8277-AC83F9732C48}.Release|Any CPU.ActiveCfg = Release|Any CPU
		{E52BBA45-60B5-48C9-8277-AC83F9732C48}.Release|Any CPU.Build.0 = Release|Any CPU
		{7EF1DD38-4A91-4452-A907-1F2525F690DB}.Debug|Any CPU.ActiveCfg = Debug|Any CPU
		{7EF1DD38-4A91-4452-A907-1F2525F690DB}.Debug|Any CPU.Build.0 = Debug|Any CPU
		{7EF1DD38-4A91-4452-A907-1F2525F690DB}.Release|Any CPU.ActiveCfg = Release|Any CPU
		{7EF1DD38-4A91-4452-A907-1F2525F690DB}.Release|Any CPU.Build.0 = Release|Any CPU
		{6333EC04-5852-4303-863C-18C735798F32}.Debug|Any CPU.ActiveCfg = Debug|Any CPU
		{6333EC04-5852-4303-863C-18C735798F32}.Debug|Any CPU.Build.0 = Debug|Any CPU
		{6333EC04-5852-4303-863C-18C735798F32}.Release|Any CPU.ActiveCfg = Release|Any CPU
		{6333EC04-5852-4303-863C-18C735798F32}.Release|Any CPU.Build.0 = Release|Any CPU
		{CAFB86D5-D1A9-4CCB-840C-433934E67EDC}.Debug|Any CPU.ActiveCfg = Debug|Any CPU
		{CAFB86D5-D1A9-4CCB-840C-433934E67EDC}.Debug|Any CPU.Build.0 = Debug|Any CPU
		{CAFB86D5-D1A9-4CCB-840C-433934E67EDC}.Release|Any CPU.ActiveCfg = Release|Any CPU
		{CAFB86D5-D1A9-4CCB-840C-433934E67EDC}.Release|Any CPU.Build.0 = Release|Any CPU
	EndGlobalSection
	GlobalSection(NestedProjects) = preSolution
		{069E69CB-484A-41B3-922F-940AD8C65EF0} = {91C94A2F-46ED-41E8-9B2B-AFABB953148A}
		{ED14EC72-A66E-460A-9189-E9892B615D29} = {EFAE8826-99E9-480B-9E39-6EDD284CC32D}
		{E027A75E-9894-4C8E-B4DE-E76EC3102320} = {91C94A2F-46ED-41E8-9B2B-AFABB953148A}
		{8F7A5E0F-4AFF-47A6-B793-BAB748857688} = {91C94A2F-46ED-41E8-9B2B-AFABB953148A}
		{43DA9BBC-5272-4681-9BFD-1C14FE10E175} = {91C94A2F-46ED-41E8-9B2B-AFABB953148A}
		{A64F1E5A-DA45-48A7-8B0F-5B0C13664A94} = {EFAE8826-99E9-480B-9E39-6EDD284CC32D}
		{2CF72579-2299-4A6E-8EFE-050416757AA8} = {EFAE8826-99E9-480B-9E39-6EDD284CC32D}
		{E52BBA45-60B5-48C9-8277-AC83F9732C48} = {91C94A2F-46ED-41E8-9B2B-AFABB953148A}
		{7EF1DD38-4A91-4452-A907-1F2525F690DB} = {EFAE8826-99E9-480B-9E39-6EDD284CC32D}
		{6333EC04-5852-4303-863C-18C735798F32} = {29AEF4F2-6E83-4A21-ACF5-E51EC90BC75C}
		{CAFB86D5-D1A9-4CCB-840C-433934E67EDC} = {29AEF4F2-6E83-4A21-ACF5-E51EC90BC75C}
		{EF6C3C4C-30EE-463E-B57C-B233D68CDCD7} = {91C94A2F-46ED-41E8-9B2B-AFABB953148A}
	EndGlobalSection
EndGlobal
